
Microsoft Visual Studio Solution File, Format Version 12.00
# Visual Studio Version 17
VisualStudioVersion = 17.9.34728.123
MinimumVisualStudioVersion = 10.0.40219.1
Project("{FAE04EC0-301F-11D3-BF4B-00C04F79EFBC}") = "ControllsDemo", "ControllsDemo\ControllsDemo.csproj", "{8FFC0D3F-8BA8-4182-A92A-0CCA0D790610}"
EndProject
Global
	GlobalSection(SolutionConfigurationPlatforms) = preSolution
		Debug|Any CPU = Debug|Any CPU
		Release|Any CPU = Release|Any CPU
	EndGlobalSection
	GlobalSection(ProjectConfigurationPlatforms) = postSolution
		{8FFC0D3F-8BA8-4182-A92A-0CCA0D790610}.Debug|Any CPU.ActiveCfg = Debug|Any CPU
		{8FFC0D3F-8BA8-4182-A92A-0CCA0D790610}.Debug|Any CPU.Build.0 = Debug|Any CPU
		{8FFC0D3F-8BA8-4182-A92A-0CCA0D790610}.Release|Any CPU.ActiveCfg = Release|Any CPU
		{8FFC0D3F-8BA8-4182-A92A-0CCA0D790610}.Release|Any CPU.Build.0 = Release|Any CPU
	EndGlobalSection
	GlobalSection(SolutionProperties) = preSolution
		HideSolutionNode = FALSE
	EndGlobalSection
	GlobalSection(ExtensibilityGlobals) = postSolution
		SolutionGuid = {80818439-ACB5-4850-9A78-4381887B943B}
	EndGlobalSection
EndGlobal
